
Microsoft Visual Studio Solution File, Format Version 12.00
# Visual Studio Version 17
VisualStudioVersion = 17.1.32228.430
MinimumVisualStudioVersion = 10.0.40219.1
Project("{9A19103F-16F7-4668-BE54-9A1E7A4F7556}") = "DirStat", "DirStat\DirStat.csproj", "{4AA8326E-25E7-4387-83D3-A99050677206}"
EndProject
Project("{9A19103F-16F7-4668-BE54-9A1E7A4F7556}") = "DirStat.Tests", "DirStat.Tests\DirStat.Tests.csproj", "{3CEE8489-714C-470B-BB1E-D77AB805AB54}"
EndProject
Project("{9A19103F-16F7-4668-BE54-9A1E7A4F7556}") = "WebDirStat", "WebDirStat\WebDirStat.csproj", "{5349EDEB-F5FE-41AC-9E33-C1497B4122B9}"
EndProject
Global
	GlobalSection(SolutionConfigurationPlatforms) = preSolution
		Debug|Any CPU = Debug|Any CPU
		Release|Any CPU = Release|Any CPU
	EndGlobalSection
	GlobalSection(ProjectConfigurationPlatforms) = postSolution
		{4AA8326E-25E7-4387-83D3-A99050677206}.Debug|Any CPU.ActiveCfg = Debug|Any CPU
		{4AA8326E-25E7-4387-83D3-A99050677206}.Debug|Any CPU.Build.0 = Debug|Any CPU
		{4AA8326E-25E7-4387-83D3-A99050677206}.Release|Any CPU.ActiveCfg = Release|Any CPU
		{4AA8326E-25E7-4387-83D3-A99050677206}.Release|Any CPU.Build.0 = Release|Any CPU
		{3CEE8489-714C-470B-BB1E-D77AB805AB54}.Debug|Any CPU.ActiveCfg = Debug|Any CPU
		{3CEE8489-714C-470B-BB1E-D77AB805AB54}.Debug|Any CPU.Build.0 = Debug|Any CPU
		{3CEE8489-714C-470B-BB1E-D77AB805AB54}.Release|Any CPU.ActiveCfg = Release|Any CPU
		{3CEE8489-714C-470B-BB1E-D77AB805AB54}.Release|Any CPU.Build.0 = Release|Any CPU
		{5349EDEB-F5FE-41AC-9E33-C1497B4122B9}.Debug|Any CPU.ActiveCfg = Debug|Any CPU
		{5349EDEB-F5FE-41AC-9E33-C1497B4122B9}.Debug|Any CPU.Build.0 = Debug|Any CPU
		{5349EDEB-F5FE-41AC-9E33-C1497B4122B9}.Release|Any CPU.ActiveCfg = Release|Any CPU
		{5349EDEB-F5FE-41AC-9E33-C1497B4122B9}.Release|Any CPU.Build.0 = Release|Any CPU
	EndGlobalSection
	GlobalSection(SolutionProperties) = preSolution
		HideSolutionNode = FALSE
	EndGlobalSection
	GlobalSection(ExtensibilityGlobals) = postSolution
		SolutionGuid = {1D5959DA-3041-4149-81AC-B0FE192457BF}
	EndGlobalSection
EndGlobal
